
Microsoft Visual Studio Solution File, Format Version 12.00
Project("{FAE04EC0-301F-11D3-BF4B-00C04F79EFBC}") = "SantanderTechTask", "SantanderTechTask\SantanderTechTask.csproj", "{001F55C4-1FFA-4C3D-AE3F-583D25C200BA}"
EndProject
Global
	GlobalSection(SolutionConfigurationPlatforms) = preSolution
		Debug|Any CPU = Debug|Any CPU
		Release|Any CPU = Release|Any CPU
	EndGlobalSection
	GlobalSection(ProjectConfigurationPlatforms) = postSolution
		{001F55C4-1FFA-4C3D-AE3F-583D25C200BA}.Debug|Any CPU.ActiveCfg = Debug|Any CPU
		{001F55C4-1FFA-4C3D-AE3F-583D25C200BA}.Debug|Any CPU.Build.0 = Debug|Any CPU
		{001F55C4-1FFA-4C3D-AE3F-583D25C200BA}.Release|Any CPU.ActiveCfg = Release|Any CPU
		{001F55C4-1FFA-4C3D-AE3F-583D25C200BA}.Release|Any CPU.Build.0 = Release|Any CPU
	EndGlobalSection
EndGlobal
